
Microsoft Visual Studio Solution File, Format Version 12.00
# Visual Studio Version 17
VisualStudioVersion = 17.9.34714.143
MinimumVisualStudioVersion = 10.0.40219.1
Project("{9A19103F-16F7-4668-BE54-9A1E7A4F7556}") = "ChainReaction", "ChainReaction.csproj", "{CF4DE17C-96FF-4BA3-AE05-7DE51DA12D95}"
EndProject
Global
	GlobalSection(SolutionConfigurationPlatforms) = preSolution
		Debug|Any CPU = Debug|Any CPU
		Release|Any CPU = Release|Any CPU
	EndGlobalSection
	GlobalSection(ProjectConfigurationPlatforms) = postSolution
		{CF4DE17C-96FF-4BA3-AE05-7DE51DA12D95}.Debug|Any CPU.ActiveCfg = Debug|Any CPU
		{CF4DE17C-96FF-4BA3-AE05-7DE51DA12D95}.Debug|Any CPU.Build.0 = Debug|Any CPU
		{CF4DE17C-96FF-4BA3-AE05-7DE51DA12D95}.Release|Any CPU.ActiveCfg = Release|Any CPU
		{CF4DE17C-96FF-4BA3-AE05-7DE51DA12D95}.Release|Any CPU.Build.0 = Release|Any CPU
	EndGlobalSection
	GlobalSection(SolutionProperties) = preSolution
		HideSolutionNode = FALSE
	EndGlobalSection
	GlobalSection(ExtensibilityGlobals) = postSolution
		SolutionGuid = {5443B139-84DF-45DA-860D-08AE80A0E9C7}
	EndGlobalSection
EndGlobal
